
Microsoft Visual Studio Solution File, Format Version 11.00
# Visual Studio 2010
Project("{FAE04EC0-301F-11D3-BF4B-00C04F79EFBC}") = "Assembly-CSharp-firstpass", "Assembly-CSharp-firstpass.csproj", "{E2AA3623-3D0B-E311-254E-55327A26B049}"
EndProject
Project("{FAE04EC0-301F-11D3-BF4B-00C04F79EFBC}") = "Assembly-CSharp", "Assembly-CSharp.csproj", "{B93548D9-99F3-C9EC-5F5F-9DED6FDFB73E}"
EndProject
Project("{FAE04EC0-301F-11D3-BF4B-00C04F79EFBC}") = "Assembly-CSharp-Editor-firstpass", "Assembly-CSharp-Editor-firstpass.csproj", "{F86094CE-7159-1C46-DDB5-679D6432F521}"
EndProject
Project("{FAE04EC0-301F-11D3-BF4B-00C04F79EFBC}") = "Assembly-CSharp-Editor", "Assembly-CSharp-Editor.csproj", "{19F6AE32-6EA2-45D9-EE3A-3F61E030CD81}"
EndProject
Global
	GlobalSection(SolutionConfigurationPlatforms) = preSolution
		Debug|Any CPU = Debug|Any CPU
		Release|Any CPU = Release|Any CPU
	EndGlobalSection
	GlobalSection(ProjectConfigurationPlatforms) = postSolution
		{E2AA3623-3D0B-E311-254E-55327A26B049}.Debug|Any CPU.ActiveCfg = Debug|Any CPU
		{E2AA3623-3D0B-E311-254E-55327A26B049}.Debug|Any CPU.Build.0 = Debug|Any CPU
		{E2AA3623-3D0B-E311-254E-55327A26B049}.Release|Any CPU.ActiveCfg = Release|Any CPU
		{E2AA3623-3D0B-E311-254E-55327A26B049}.Release|Any CPU.Build.0 = Release|Any CPU
		{B93548D9-99F3-C9EC-5F5F-9DED6FDFB73E}.Debug|Any CPU.ActiveCfg = Debug|Any CPU
		{B93548D9-99F3-C9EC-5F5F-9DED6FDFB73E}.Debug|Any CPU.Build.0 = Debug|Any CPU
		{B93548D9-99F3-C9EC-5F5F-9DED6FDFB73E}.Release|Any CPU.ActiveCfg = Release|Any CPU
		{B93548D9-99F3-C9EC-5F5F-9DED6FDFB73E}.Release|Any CPU.Build.0 = Release|Any CPU
		{F86094CE-7159-1C46-DDB5-679D6432F521}.Debug|Any CPU.ActiveCfg = Debug|Any CPU
		{F86094CE-7159-1C46-DDB5-679D6432F521}.Debug|Any CPU.Build.0 = Debug|Any CPU
		{F86094CE-7159-1C46-DDB5-679D6432F521}.Release|Any CPU.ActiveCfg = Release|Any CPU
		{F86094CE-7159-1C46-DDB5-679D6432F521}.Release|Any CPU.Build.0 = Release|Any CPU
		{19F6AE32-6EA2-45D9-EE3A-3F61E030CD81}.Debug|Any CPU.ActiveCfg = Debug|Any CPU
		{19F6AE32-6EA2-45D9-EE3A-3F61E030CD81}.Debug|Any CPU.Build.0 = Debug|Any CPU
		{19F6AE32-6EA2-45D9-EE3A-3F61E030CD81}.Release|Any CPU.ActiveCfg = Release|Any CPU
		{19F6AE32-6EA2-45D9-EE3A-3F61E030CD81}.Release|Any CPU.Build.0 = Release|Any CPU
	EndGlobalSection
	GlobalSection(SolutionProperties) = preSolution
		HideSolutionNode = FALSE
	EndGlobalSection
	GlobalSection(MonoDevelopProperties) = preSolution
		StartupItem = Assembly-CSharp.csproj
	EndGlobalSection
EndGlobal
